
Microsoft Visual Studio Solution File, Format Version 12.00
# Visual Studio 2013
VisualStudioVersion = 12.0.30501.0
MinimumVisualStudioVersion = 10.0.40219.1
Project("{FAE04EC0-301F-11D3-BF4B-00C04F79EFBC}") = "ConnectionPool", "ConnectionPool\ConnectionPool.csproj", "{21B83056-40EC-437A-BA15-469DDEFEADA3}"
EndProject
Project("{FAE04EC0-301F-11D3-BF4B-00C04F79EFBC}") = "EncapsulationConnectionPool", "EncapsulationConnectionPool\EncapsulationConnectionPool.csproj", "{D9ABAB58-9956-4B79-A938-A51460CB4140}"
EndProject
Global
	GlobalSection(SolutionConfigurationPlatforms) = preSolution
		Debug|Any CPU = Debug|Any CPU
		Release|Any CPU = Release|Any CPU
	EndGlobalSection
	GlobalSection(ProjectConfigurationPlatforms) = postSolution
		{21B83056-40EC-437A-BA15-469DDEFEADA3}.Debug|Any CPU.ActiveCfg = Debug|Any CPU
		{21B83056-40EC-437A-BA15-469DDEFEADA3}.Debug|Any CPU.Build.0 = Debug|Any CPU
		{21B83056-40EC-437A-BA15-469DDEFEADA3}.Release|Any CPU.ActiveCfg = Release|Any CPU
		{21B83056-40EC-437A-BA15-469DDEFEADA3}.Release|Any CPU.Build.0 = Release|Any CPU
		{D9ABAB58-9956-4B79-A938-A51460CB4140}.Debug|Any CPU.ActiveCfg = Debug|Any CPU
		{D9ABAB58-9956-4B79-A938-A51460CB4140}.Debug|Any CPU.Build.0 = Debug|Any CPU
		{D9ABAB58-9956-4B79-A938-A51460CB4140}.Release|Any CPU.ActiveCfg = Release|Any CPU
		{D9ABAB58-9956-4B79-A938-A51460CB4140}.Release|Any CPU.Build.0 = Release|Any CPU
	EndGlobalSection
	GlobalSection(SolutionProperties) = preSolution
		HideSolutionNode = FALSE
	EndGlobalSection
EndGlobal
